
Microsoft Visual Studio Solution File, Format Version 12.00
# Visual Studio 15
Project("{FAE04EC0-301F-11D3-BF4B-00C04F79EFBC}") = "TodoXamarinForms.Android", "TodoXamarinForms.Android\TodoXamarinForms.Android.csproj", "{535B5C9C-53BC-4D84-80F3-48590B20C8D4}"
EndProject
Project("{FAE04EC0-301F-11D3-BF4B-00C04F79EFBC}") = "TodoXamarinForms.iOS", "TodoXamarinForms.iOS\TodoXamarinForms.iOS.csproj", "{37E64F66-5CD7-444B-A41C-AAEEBCFD6359}"
EndProject
Project("{FAE04EC0-301F-11D3-BF4B-00C04F79EFBC}") = "TodoXamarinForms", "TodoXamarinForms\TodoXamarinForms.csproj", "{6D92BBC2-DCE1-4225-86E5-21F19F4D9044}"
EndProject
Global
	GlobalSection(SolutionConfigurationPlatforms) = preSolution
		Debug|Any CPU = Debug|Any CPU
		Release|Any CPU = Release|Any CPU
		Debug|iPhoneSimulator = Debug|iPhoneSimulator
		Release|iPhoneSimulator = Release|iPhoneSimulator
		Debug|iPhone = Debug|iPhone
		Release|iPhone = Release|iPhone
	EndGlobalSection
	GlobalSection(ProjectConfigurationPlatforms) = postSolution
		{535B5C9C-53BC-4D84-80F3-48590B20C8D4}.Debug|Any CPU.ActiveCfg = Debug|Any CPU
		{535B5C9C-53BC-4D84-80F3-48590B20C8D4}.Debug|Any CPU.Build.0 = Debug|Any CPU
		{535B5C9C-53BC-4D84-80F3-48590B20C8D4}.Release|Any CPU.ActiveCfg = Release|Any CPU
		{535B5C9C-53BC-4D84-80F3-48590B20C8D4}.Release|Any CPU.Build.0 = Release|Any CPU
		{535B5C9C-53BC-4D84-80F3-48590B20C8D4}.Debug|iPhoneSimulator.ActiveCfg = Debug|Any CPU
		{535B5C9C-53BC-4D84-80F3-48590B20C8D4}.Debug|iPhoneSimulator.Build.0 = Debug|Any CPU
		{535B5C9C-53BC-4D84-80F3-48590B20C8D4}.Release|iPhoneSimulator.ActiveCfg = Release|Any CPU
		{535B5C9C-53BC-4D84-80F3-48590B20C8D4}.Release|iPhoneSimulator.Build.0 = Release|Any CPU
		{535B5C9C-53BC-4D84-80F3-48590B20C8D4}.Debug|iPhone.ActiveCfg = Debug|Any CPU
		{535B5C9C-53BC-4D84-80F3-48590B20C8D4}.Debug|iPhone.Build.0 = Debug|Any CPU
		{535B5C9C-53BC-4D84-80F3-48590B20C8D4}.Release|iPhone.ActiveCfg = Release|Any CPU
		{535B5C9C-53BC-4D84-80F3-48590B20C8D4}.Release|iPhone.Build.0 = Release|Any CPU
		{37E64F66-5CD7-444B-A41C-AAEEBCFD6359}.Debug|Any CPU.ActiveCfg = Debug|iPhoneSimulator
		{37E64F66-5CD7-444B-A41C-AAEEBCFD6359}.Debug|Any CPU.Build.0 = Debug|iPhoneSimulator
		{37E64F66-5CD7-444B-A41C-AAEEBCFD6359}.Release|Any CPU.ActiveCfg = Release|iPhoneSimulator
		{37E64F66-5CD7-444B-A41C-AAEEBCFD6359}.Release|Any CPU.Build.0 = Release|iPhoneSimulator
		{37E64F66-5CD7-444B-A41C-AAEEBCFD6359}.Debug|iPhoneSimulator.ActiveCfg = Debug|iPhoneSimulator
		{37E64F66-5CD7-444B-A41C-AAEEBCFD6359}.Debug|iPhoneSimulator.Build.0 = Debug|iPhoneSimulator
		{37E64F66-5CD7-444B-A41C-AAEEBCFD6359}.Release|iPhoneSimulator.ActiveCfg = Release|iPhoneSimulator
		{37E64F66-5CD7-444B-A41C-AAEEBCFD6359}.Release|iPhoneSimulator.Build.0 = Release|iPhoneSimulator
		{37E64F66-5CD7-444B-A41C-AAEEBCFD6359}.Debug|iPhone.ActiveCfg = Debug|iPhone
		{37E64F66-5CD7-444B-A41C-AAEEBCFD6359}.Debug|iPhone.Build.0 = Debug|iPhone
		{37E64F66-5CD7-444B-A41C-AAEEBCFD6359}.Release|iPhone.ActiveCfg = Release|iPhone
		{37E64F66-5CD7-444B-A41C-AAEEBCFD6359}.Release|iPhone.Build.0 = Release|iPhone
		{6D92BBC2-DCE1-4225-86E5-21F19F4D9044}.Debug|Any CPU.ActiveCfg = Debug|Any CPU
		{6D92BBC2-DCE1-4225-86E5-21F19F4D9044}.Debug|Any CPU.Build.0 = Debug|Any CPU
		{6D92BBC2-DCE1-4225-86E5-21F19F4D9044}.Release|Any CPU.ActiveCfg = Release|Any CPU
		{6D92BBC2-DCE1-4225-86E5-21F19F4D9044}.Release|Any CPU.Build.0 = Release|Any CPU
		{6D92BBC2-DCE1-4225-86E5-21F19F4D9044}.Debug|iPhoneSimulator.ActiveCfg = Debug|Any CPU
		{6D92BBC2-DCE1-4225-86E5-21F19F4D9044}.Debug|iPhoneSimulator.Build.0 = Debug|Any CPU
		{6D92BBC2-DCE1-4225-86E5-21F19F4D9044}.Release|iPhoneSimulator.ActiveCfg = Release|Any CPU
		{6D92BBC2-DCE1-4225-86E5-21F19F4D9044}.Release|iPhoneSimulator.Build.0 = Release|Any CPU
		{6D92BBC2-DCE1-4225-86E5-21F19F4D9044}.Debug|iPhone.ActiveCfg = Debug|Any CPU
		{6D92BBC2-DCE1-4225-86E5-21F19F4D9044}.Debug|iPhone.Build.0 = Debug|Any CPU
		{6D92BBC2-DCE1-4225-86E5-21F19F4D9044}.Release|iPhone.ActiveCfg = Release|Any CPU
		{6D92BBC2-DCE1-4225-86E5-21F19F4D9044}.Release|iPhone.Build.0 = Release|Any CPU
	EndGlobalSection
EndGlobal
